// !$*UTF8*$!
{
	archiveVersion = 1;
	classes = {
	};
	objectVersion = 46;
	objects = {

/* Begin PBXBuildFile section */
		021215021F16F375000CDE1E /* PaymentViewController.swift in Sources */ = {isa = PBXBuildFile; fileRef = 021215011F16F375000CDE1E /* PaymentViewController.swift */; };
		02198D091EE201F8008176EE /* BookingViewController.swift in Sources */ = {isa = PBXBuildFile; fileRef = 02198D081EE201F8008176EE /* BookingViewController.swift */; };
		0225B4D71E84BA71006E7F34 /* RobotoSlab-Bold.ttf in Resources */ = {isa = PBXBuildFile; fileRef = 0225B4D31E84BA1E006E7F34 /* RobotoSlab-Bold.ttf */; };
		0225B4D81E84BA71006E7F34 /* RobotoSlab-Light.ttf in Resources */ = {isa = PBXBuildFile; fileRef = 0225B4D41E84BA1E006E7F34 /* RobotoSlab-Light.ttf */; };
		0225B4D91E84BA71006E7F34 /* RobotoSlab-Regular.ttf in Resources */ = {isa = PBXBuildFile; fileRef = 0225B4D51E84BA1E006E7F34 /* RobotoSlab-Regular.ttf */; };
		0225B4DA1E84BA71006E7F34 /* RobotoSlab-Thin.ttf in Resources */ = {isa = PBXBuildFile; fileRef = 0225B4D61E84BA1E006E7F34 /* RobotoSlab-Thin.ttf */; };
		0231DA721F07033300A787F8 /* starryStars_half@2x.png in Resources */ = {isa = PBXBuildFile; fileRef = 0231DA6F1F07033300A787F8 /* starryStars_half@2x.png */; };
		0231DA731F07033300A787F8 /* starryStars_off@2x.png in Resources */ = {isa = PBXBuildFile; fileRef = 0231DA701F07033300A787F8 /* starryStars_off@2x.png */; };
		0231DA741F07033300A787F8 /* starryStars_on@2x.png in Resources */ = {isa = PBXBuildFile; fileRef = 0231DA711F07033300A787F8 /* starryStars_on@2x.png */; };
		02484B571EEB2320006B9806 /* inquireViewController.swift in Sources */ = {isa = PBXBuildFile; fileRef = 02484B561EEB2320006B9806 /* inquireViewController.swift */; };
		025206281F202A7E001937A1 /* AddMemoryViewController.swift in Sources */ = {isa = PBXBuildFile; fileRef = 025206271F202A7E001937A1 /* AddMemoryViewController.swift */; };
		0253D3F71EB4FE360003763C /* HomeViewCell.swift in Sources */ = {isa = PBXBuildFile; fileRef = 0253D3F61EB4FE360003763C /* HomeViewCell.swift */; };
		026351FB1E7332F1008245C7 /* AppDelegate.swift in Sources */ = {isa = PBXBuildFile; fileRef = 026351FA1E7332F1008245C7 /* AppDelegate.swift */; };
		026351FD1E7332F1008245C7 /* ViewController.swift in Sources */ = {isa = PBXBuildFile; fileRef = 026351FC1E7332F1008245C7 /* ViewController.swift */; };
		026352001E7332F1008245C7 /* Main.storyboard in Resources */ = {isa = PBXBuildFile; fileRef = 026351FE1E7332F1008245C7 /* Main.storyboard */; };
		026352031E7332F1008245C7 /* NewProduct.xcdatamodeld in Sources */ = {isa = PBXBuildFile; fileRef = 026352011E7332F1008245C7 /* NewProduct.xcdatamodeld */; };
		026352051E7332F1008245C7 /* Assets.xcassets in Resources */ = {isa = PBXBuildFile; fileRef = 026352041E7332F1008245C7 /* Assets.xcassets */; };
		026352081E7332F1008245C7 /* LaunchScreen.storyboard in Resources */ = {isa = PBXBuildFile; fileRef = 026352061E7332F1008245C7 /* LaunchScreen.storyboard */; };
		026352131E7332F1008245C7 /* NewProductTests.swift in Sources */ = {isa = PBXBuildFile; fileRef = 026352121E7332F1008245C7 /* NewProductTests.swift */; };
		0263521E1E7332F1008245C7 /* NewProductUITests.swift in Sources */ = {isa = PBXBuildFile; fileRef = 0263521D1E7332F1008245C7 /* NewProductUITests.swift */; };
		026F0C461E7F5F6900273DD2 /* lato in Resources */ = {isa = PBXBuildFile; fileRef = 026F0C451E7F5F6900273DD2 /* lato */; };
		027290DE1E733B46007A26E9 /* GoogleService-Info.plist in Resources */ = {isa = PBXBuildFile; fileRef = 027290DD1E733B46007A26E9 /* GoogleService-Info.plist */; };
		027CAC941F0C728500922D77 /* FilterViewController.swift in Sources */ = {isa = PBXBuildFile; fileRef = 027CAC931F0C728500922D77 /* FilterViewController.swift */; };
		0280D21C1E7378A40088BEA7 /* Login.swift in Sources */ = {isa = PBXBuildFile; fileRef = 0280D21B1E7378A40088BEA7 /* Login.swift */; };
		02855E181EC53E6D0072D9E5 /* ArtistViewController.swift in Sources */ = {isa = PBXBuildFile; fileRef = 02855E171EC53E6D0072D9E5 /* ArtistViewController.swift */; };
		029DE7561F19631A0073AD7C /* Accelerate.framework in Frameworks */ = {isa = PBXBuildFile; fileRef = 029DE74F1F19631A0073AD7C /* Accelerate.framework */; };
		029DE7571F19631A0073AD7C /* AudioToolbox.framework in Frameworks */ = {isa = PBXBuildFile; fileRef = 029DE7501F19631A0073AD7C /* AudioToolbox.framework */; };
		029DE7581F19631A0073AD7C /* AVFoundation.framework in Frameworks */ = {isa = PBXBuildFile; fileRef = 029DE7511F19631A0073AD7C /* AVFoundation.framework */; };
		029DE7591F19631A0073AD7C /* MessageUI.framework in Frameworks */ = {isa = PBXBuildFile; fileRef = 029DE7521F19631A0073AD7C /* MessageUI.framework */; };
		029DE75A1F19631A0073AD7C /* MobileCoreServices.framework in Frameworks */ = {isa = PBXBuildFile; fileRef = 029DE7531F19631A0073AD7C /* MobileCoreServices.framework */; };
		029DE75B1F19631A0073AD7C /* SafariServices.framework in Frameworks */ = {isa = PBXBuildFile; fileRef = 029DE7541F19631A0073AD7C /* SafariServices.framework */; };
		029DE75C1F19631A0073AD7C /* SystemConfiguration.framework in Frameworks */ = {isa = PBXBuildFile; fileRef = 029DE7551F19631A0073AD7C /* SystemConfiguration.framework */; };
		029FE7EC1EF0BC8C00998365 /* MenuViewController.swift in Sources */ = {isa = PBXBuildFile; fileRef = 029FE7EA1EF0BC8C00998365 /* MenuViewController.swift */; };
		029FE7EE1EF0BD7A00998365 /* HomeViewController.swift in Sources */ = {isa = PBXBuildFile; fileRef = 029FE7ED1EF0BD7A00998365 /* HomeViewController.swift */; };
		02A3413F1EFCACD900429FC0 /* sentInquireViewController.swift in Sources */ = {isa = PBXBuildFile; fileRef = 02A3413E1EFCACD900429FC0 /* sentInquireViewController.swift */; };
		02A9C6BD1EE76F15001287E9 /* CoreLocation.framework in Frameworks */ = {isa = PBXBuildFile; fileRef = 02A9C6BC1EE76F15001287E9 /* CoreLocation.framework */; };
		02AB60CB1F003C7F00DD38FC /* MessViewController.swift in Sources */ = {isa = PBXBuildFile; fileRef = 02AB60CA1F003C7F00DD38FC /* MessViewController.swift */; };
		02C0854D1F06F4F7006DEBCD /* Info.plist in Resources */ = {isa = PBXBuildFile; fileRef = 02C085461F06F4F7006DEBCD /* Info.plist */; };
		02C0854E1F06F4F7006DEBCD /* RatingView.swift in Sources */ = {isa = PBXBuildFile; fileRef = 02C085471F06F4F7006DEBCD /* RatingView.swift */; };
		02D3290E1EBE61200051F22F /* aaViewController.swift in Sources */ = {isa = PBXBuildFile; fileRef = 02D3290D1EBE61200051F22F /* aaViewController.swift */; };
		02DD88D31EFDE39F0093DD50 /* BaseViewController.swift in Sources */ = {isa = PBXBuildFile; fileRef = 02DD88D21EFDE39F0093DD50 /* BaseViewController.swift */; };
		02E4F3BB1F03351A002713C8 /* TableMessViewController.swift in Sources */ = {isa = PBXBuildFile; fileRef = 02E4F3BA1F03351A002713C8 /* TableMessViewController.swift */; };
		02F511961F05B16E002E36A6 /* Seguee.swift in Sources */ = {isa = PBXBuildFile; fileRef = 02F511951F05B16E002E36A6 /* Seguee.swift */; };
		02F8348B1EEB4B2400F2FF55 /* TableInquireViewController.swift in Sources */ = {isa = PBXBuildFile; fileRef = 02F8348A1EEB4B2400F2FF55 /* TableInquireViewController.swift */; };
		0D87494CEB2EEE7B14B6645F /* Pods_NewProductTests.framework in Frameworks */ = {isa = PBXBuildFile; fileRef = FBDE84B653AD105B44574FC2 /* Pods_NewProductTests.framework */; };
		E6FC06F0FE1397EE1B9C70E4 /* Pods_NewProductUITests.framework in Frameworks */ = {isa = PBXBuildFile; fileRef = 526E89AD741C55EA68062F55 /* Pods_NewProductUITests.framework */; };
		E8A5188744D0F4AEB982A2EA /* Pods_NewProduct.framework in Frameworks */ = {isa = PBXBuildFile; fileRef = 178CFB2F3823D9DD48263B4F /* Pods_NewProduct.framework */; };
/* End PBXBuildFile section */

/* Begin PBXContainerItemProxy section */
		0263520F1E7332F1008245C7 /* PBXContainerItemProxy */ = {
			isa = PBXContainerItemProxy;
			containerPortal = 026351EF1E7332F1008245C7 /* Project object */;
			proxyType = 1;
			remoteGlobalIDString = 026351F61E7332F1008245C7;
			remoteInfo = NewProduct;
		};
		0263521A1E7332F1008245C7 /* PBXContainerItemProxy */ = {
			isa = PBXContainerItemProxy;
			containerPortal = 026351EF1E7332F1008245C7 /* Project object */;
			proxyType = 1;
			remoteGlobalIDString = 026351F61E7332F1008245C7;
			remoteInfo = NewProduct;
		};
/* End PBXContainerItemProxy section */

/* Begin PBXFileReference section */
		021215011F16F375000CDE1E /* PaymentViewController.swift */ = {isa = PBXFileReference; fileEncoding = 4; lastKnownFileType = sourcecode.swift; path = PaymentViewController.swift; sourceTree = "<group>"; };
		02198D081EE201F8008176EE /* BookingViewController.swift */ = {isa = PBXFileReference; fileEncoding = 4; lastKnownFileType = sourcecode.swift; path = BookingViewController.swift; sourceTree = "<group>"; };
		0225B4D21E84BA1E006E7F34 /* LICENSE.txt */ = {isa = PBXFileReference; lastKnownFileType = text; path = LICENSE.txt; sourceTree = "<group>"; };
		0225B4D31E84BA1E006E7F34 /* RobotoSlab-Bold.ttf */ = {isa = PBXFileReference; lastKnownFileType = file; path = "RobotoSlab-Bold.ttf"; sourceTree = "<group>"; };
		0225B4D41E84BA1E006E7F34 /* RobotoSlab-Light.ttf */ = {isa = PBXFileReference; lastKnownFileType = file; path = "RobotoSlab-Light.ttf"; sourceTree = "<group>"; };
		0225B4D51E84BA1E006E7F34 /* RobotoSlab-Regular.ttf */ = {isa = PBXFileReference; lastKnownFileType = file; path = "RobotoSlab-Regular.ttf"; sourceTree = "<group>"; };
		0225B4D61E84BA1E006E7F34 /* RobotoSlab-Thin.ttf */ = {isa = PBXFileReference; lastKnownFileType = file; path = "RobotoSlab-Thin.ttf"; sourceTree = "<group>"; };
		0231DA6F1F07033300A787F8 /* starryStars_half@2x.png */ = {isa = PBXFileReference; lastKnownFileType = image.png; path = "starryStars_half@2x.png"; sourceTree = "<group>"; };
		0231DA701F07033300A787F8 /* starryStars_off@2x.png */ = {isa = PBXFileReference; lastKnownFileType = image.png; path = "starryStars_off@2x.png"; sourceTree = "<group>"; };
		0231DA711F07033300A787F8 /* starryStars_on@2x.png */ = {isa = PBXFileReference; lastKnownFileType = image.png; path = "starryStars_on@2x.png"; sourceTree = "<group>"; };
		02484B561EEB2320006B9806 /* inquireViewController.swift */ = {isa = PBXFileReference; fileEncoding = 4; lastKnownFileType = sourcecode.swift; path = inquireViewController.swift; sourceTree = "<group>"; };
		025206271F202A7E001937A1 /* AddMemoryViewController.swift */ = {isa = PBXFileReference; fileEncoding = 4; lastKnownFileType = sourcecode.swift; path = AddMemoryViewController.swift; sourceTree = "<group>"; };
		0253D3F61EB4FE360003763C /* HomeViewCell.swift */ = {isa = PBXFileReference; fileEncoding = 4; lastKnownFileType = sourcecode.swift; path = HomeViewCell.swift; sourceTree = "<group>"; };
		026351F71E7332F1008245C7 /* NewProduct.app */ = {isa = PBXFileReference; explicitFileType = wrapper.application; includeInIndex = 0; path = NewProduct.app; sourceTree = BUILT_PRODUCTS_DIR; };
		026351FA1E7332F1008245C7 /* AppDelegate.swift */ = {isa = PBXFileReference; lastKnownFileType = sourcecode.swift; path = AppDelegate.swift; sourceTree = "<group>"; };
		026351FC1E7332F1008245C7 /* ViewController.swift */ = {isa = PBXFileReference; lastKnownFileType = sourcecode.swift; path = ViewController.swift; sourceTree = "<group>"; };
		026351FF1E7332F1008245C7 /* Base */ = {isa = PBXFileReference; lastKnownFileType = file.storyboard; name = Base; path = Base.lproj/Main.storyboard; sourceTree = "<group>"; };
		026352021E7332F1008245C7 /* NewProduct.xcdatamodel */ = {isa = PBXFileReference; lastKnownFileType = wrapper.xcdatamodel; path = NewProduct.xcdatamodel; sourceTree = "<group>"; };
		026352041E7332F1008245C7 /* Assets.xcassets */ = {isa = PBXFileReference; lastKnownFileType = folder.assetcatalog; path = Assets.xcassets; sourceTree = "<group>"; };
		026352071E7332F1008245C7 /* Base */ = {isa = PBXFileReference; lastKnownFileType = file.storyboard; name = Base; path = Base.lproj/LaunchScreen.storyboard; sourceTree = "<group>"; };
		026352091E7332F1008245C7 /* Info.plist */ = {isa = PBXFileReference; lastKnownFileType = text.plist.xml; path = Info.plist; sourceTree = "<group>"; };
		0263520E1E7332F1008245C7 /* NewProductTests.xctest */ = {isa = PBXFileReference; explicitFileType = wrapper.cfbundle; includeInIndex = 0; path = NewProductTests.xctest; sourceTree = BUILT_PRODUCTS_DIR; };
		026352121E7332F1008245C7 /* NewProductTests.swift */ = {isa = PBXFileReference; lastKnownFileType = sourcecode.swift; path = NewProductTests.swift; sourceTree = "<group>"; };
		026352141E7332F1008245C7 /* Info.plist */ = {isa = PBXFileReference; lastKnownFileType = text.plist.xml; path = Info.plist; sourceTree = "<group>"; };
		026352191E7332F1008245C7 /* NewProductUITests.xctest */ = {isa = PBXFileReference; explicitFileType = wrapper.cfbundle; includeInIndex = 0; path = NewProductUITests.xctest; sourceTree = BUILT_PRODUCTS_DIR; };
		0263521D1E7332F1008245C7 /* NewProductUITests.swift */ = {isa = PBXFileReference; lastKnownFileType = sourcecode.swift; path = NewProductUITests.swift; sourceTree = "<group>"; };
		0263521F1E7332F1008245C7 /* Info.plist */ = {isa = PBXFileReference; lastKnownFileType = text.plist.xml; path = Info.plist; sourceTree = "<group>"; };
		026F0C451E7F5F6900273DD2 /* lato */ = {isa = PBXFileReference; lastKnownFileType = folder; path = lato; sourceTree = "<group>"; };
		027290DD1E733B46007A26E9 /* GoogleService-Info.plist */ = {isa = PBXFileReference; fileEncoding = 4; lastKnownFileType = text.plist.xml; path = "GoogleService-Info.plist"; sourceTree = "<group>"; };
		027CAC931F0C728500922D77 /* FilterViewController.swift */ = {isa = PBXFileReference; fileEncoding = 4; lastKnownFileType = sourcecode.swift; path = FilterViewController.swift; sourceTree = "<group>"; };
		0280D21B1E7378A40088BEA7 /* Login.swift */ = {isa = PBXFileReference; fileEncoding = 4; lastKnownFileType = sourcecode.swift; path = Login.swift; sourceTree = "<group>"; };
		02855E171EC53E6D0072D9E5 /* ArtistViewController.swift */ = {isa = PBXFileReference; fileEncoding = 4; lastKnownFileType = sourcecode.swift; path = ArtistViewController.swift; sourceTree = "<group>"; };
		029DE74B1F1961370073AD7C /* NewProduct-Bridging-Header.h */ = {isa = PBXFileReference; lastKnownFileType = sourcecode.c.h; path = "NewProduct-Bridging-Header.h"; sourceTree = "<group>"; };
		029DE74E1F19619D0073AD7C /* ZZAppDelegat.h */ = {isa = PBXFileReference; lastKnownFileType = sourcecode.c.h; path = ZZAppDelegat.h; sourceTree = "<group>"; };
		029DE74F1F19631A0073AD7C /* Accelerate.framework */ = {isa = PBXFileReference; lastKnownFileType = wrapper.framework; name = Accelerate.framework; path = System/Library/Frameworks/Accelerate.framework; sourceTree = SDKROOT; };
		029DE7501F19631A0073AD7C /* AudioToolbox.framework */ = {isa = PBXFileReference; lastKnownFileType = wrapper.framework; name = AudioToolbox.framework; path = System/Library/Frameworks/AudioToolbox.framework; sourceTree = SDKROOT; };
		029DE7511F19631A0073AD7C /* AVFoundation.framework */ = {isa = PBXFileReference; lastKnownFileType = wrapper.framework; name = AVFoundation.framework; path = System/Library/Frameworks/AVFoundation.framework; sourceTree = SDKROOT; };
		029DE7521F19631A0073AD7C /* MessageUI.framework */ = {isa = PBXFileReference; lastKnownFileType = wrapper.framework; name = MessageUI.framework; path = System/Library/Frameworks/MessageUI.framework; sourceTree = SDKROOT; };
		029DE7531F19631A0073AD7C /* MobileCoreServices.framework */ = {isa = PBXFileReference; lastKnownFileType = wrapper.framework; name = MobileCoreServices.framework; path = System/Library/Frameworks/MobileCoreServices.framework; sourceTree = SDKROOT; };
		029DE7541F19631A0073AD7C /* SafariServices.framework */ = {isa = PBXFileReference; lastKnownFileType = wrapper.framework; name = SafariServices.framework; path = System/Library/Frameworks/SafariServices.framework; sourceTree = SDKROOT; };
		029DE7551F19631A0073AD7C /* SystemConfiguration.framework */ = {isa = PBXFileReference; lastKnownFileType = wrapper.framework; name = SystemConfiguration.framework; path = System/Library/Frameworks/SystemConfiguration.framework; sourceTree = SDKROOT; };
		029FE7EA1EF0BC8C00998365 /* MenuViewController.swift */ = {isa = PBXFileReference; fileEncoding = 4; lastKnownFileType = sourcecode.swift; path = MenuViewController.swift; sourceTree = "<group>"; };
		029FE7ED1EF0BD7A00998365 /* HomeViewController.swift */ = {isa = PBXFileReference; fileEncoding = 4; lastKnownFileType = sourcecode.swift; path = HomeViewController.swift; sourceTree = "<group>"; };
		02A3413E1EFCACD900429FC0 /* sentInquireViewController.swift */ = {isa = PBXFileReference; fileEncoding = 4; lastKnownFileType = sourcecode.swift; path = sentInquireViewController.swift; sourceTree = "<group>"; };
		02A9C6BC1EE76F15001287E9 /* CoreLocation.framework */ = {isa = PBXFileReference; lastKnownFileType = wrapper.framework; name = CoreLocation.framework; path = System/Library/Frameworks/CoreLocation.framework; sourceTree = SDKROOT; };
		02AB60CA1F003C7F00DD38FC /* MessViewController.swift */ = {isa = PBXFileReference; fileEncoding = 4; lastKnownFileType = sourcecode.swift; path = MessViewController.swift; sourceTree = "<group>"; };
		02C085461F06F4F7006DEBCD /* Info.plist */ = {isa = PBXFileReference; fileEncoding = 4; lastKnownFileType = text.plist.xml; path = Info.plist; sourceTree = "<group>"; };
		02C085471F06F4F7006DEBCD /* RatingView.swift */ = {isa = PBXFileReference; fileEncoding = 4; lastKnownFileType = sourcecode.swift; path = RatingView.swift; sourceTree = "<group>"; };
		02C0854C1F06F4F7006DEBCD /* StarryStars.h */ = {isa = PBXFileReference; fileEncoding = 4; lastKnownFileType = sourcecode.c.h; path = StarryStars.h; sourceTree = "<group>"; };
		02D3290D1EBE61200051F22F /* aaViewController.swift */ = {isa = PBXFileReference; fileEncoding = 4; lastKnownFileType = sourcecode.swift; name = aaViewController.swift; path = ../aaViewController.swift; sourceTree = "<group>"; };
		02DD88D21EFDE39F0093DD50 /* BaseViewController.swift */ = {isa = PBXFileReference; fileEncoding = 4; lastKnownFileType = sourcecode.swift; path = BaseViewController.swift; sourceTree = "<group>"; };
		02E4F3BA1F03351A002713C8 /* TableMessViewController.swift */ = {isa = PBXFileReference; fileEncoding = 4; lastKnownFileType = sourcecode.swift; path = TableMessViewController.swift; sourceTree = "<group>"; };
		02F511951F05B16E002E36A6 /* Seguee.swift */ = {isa = PBXFileReference; fileEncoding = 4; lastKnownFileType = sourcecode.swift; path = Seguee.swift; sourceTree = "<group>"; };
		02F8348A1EEB4B2400F2FF55 /* TableInquireViewController.swift */ = {isa = PBXFileReference; fileEncoding = 4; lastKnownFileType = sourcecode.swift; path = TableInquireViewController.swift; sourceTree = "<group>"; };
		178CFB2F3823D9DD48263B4F /* Pods_NewProduct.framework */ = {isa = PBXFileReference; explicitFileType = wrapper.framework; includeInIndex = 0; path = Pods_NewProduct.framework; sourceTree = BUILT_PRODUCTS_DIR; };
		3AD784D4438D7839D97E0135 /* Pods-NewProduct.debug.xcconfig */ = {isa = PBXFileReference; includeInIndex = 1; lastKnownFileType = text.xcconfig; name = "Pods-NewProduct.debug.xcconfig"; path = "Pods/Target Support Files/Pods-NewProduct/Pods-NewProduct.debug.xcconfig"; sourceTree = "<group>"; };
		526E89AD741C55EA68062F55 /* Pods_NewProductUITests.framework */ = {isa = PBXFileReference; explicitFileType = wrapper.framework; includeInIndex = 0; path = Pods_NewProductUITests.framework; sourceTree = BUILT_PRODUCTS_DIR; };
		61B46410CA896CABA5D4B046 /* Pods-NewProductTests.debug.xcconfig */ = {isa = PBXFileReference; includeInIndex = 1; lastKnownFileType = text.xcconfig; name = "Pods-NewProductTests.debug.xcconfig"; path = "Pods/Target Support Files/Pods-NewProductTests/Pods-NewProductTests.debug.xcconfig"; sourceTree = "<group>"; };
		7518F91C075A5CD2BBF707BF /* Pods-NewProductUITests.release.xcconfig */ = {isa = PBXFileReference; includeInIndex = 1; lastKnownFileType = text.xcconfig; name = "Pods-NewProductUITests.release.xcconfig"; path = "Pods/Target Support Files/Pods-NewProductUITests/Pods-NewProductUITests.release.xcconfig"; sourceTree = "<group>"; };
		80498BFB5DA19CC8ACCC5FE8 /* Pods-NewProductTests.release.xcconfig */ = {isa = PBXFileReference; includeInIndex = 1; lastKnownFileType = text.xcconfig; name = "Pods-NewProductTests.release.xcconfig"; path = "Pods/Target Support Files/Pods-NewProductTests/Pods-NewProductTests.release.xcconfig"; sourceTree = "<group>"; };
		BBA80A2DFF7B4B09BB6E5E11 /* Pods-NewProductUITests.debug.xcconfig */ = {isa = PBXFileReference; includeInIndex = 1; lastKnownFileType = text.xcconfig; name = "Pods-NewProductUITests.debug.xcconfig"; path = "Pods/Target Support Files/Pods-NewProductUITests/Pods-NewProductUITests.debug.xcconfig"; sourceTree = "<group>"; };
		C22B7E196FCFB447B930B847 /* Pods-NewProduct.release.xcconfig */ = {isa = PBXFileReference; includeInIndex = 1; lastKnownFileType = text.xcconfig; name = "Pods-NewProduct.release.xcconfig"; path = "Pods/Target Support Files/Pods-NewProduct/Pods-NewProduct.release.xcconfig"; sourceTree = "<group>"; };
		FBDE84B653AD105B44574FC2 /* Pods_NewProductTests.framework */ = {isa = PBXFileReference; explicitFileType = wrapper.framework; includeInIndex = 0; path = Pods_NewProductTests.framework; sourceTree = BUILT_PRODUCTS_DIR; };
/* End PBXFileReference section */

/* Begin PBXFrameworksBuildPhase section */
		026351F41E7332F1008245C7 /* Frameworks */ = {
			isa = PBXFrameworksBuildPhase;
			buildActionMask = 2147483647;
			files = (
				029DE7561F19631A0073AD7C /* Accelerate.framework in Frameworks */,
				029DE7571F19631A0073AD7C /* AudioToolbox.framework in Frameworks */,
				029DE7581F19631A0073AD7C /* AVFoundation.framework in Frameworks */,
				029DE7591F19631A0073AD7C /* MessageUI.framework in Frameworks */,
				029DE75A1F19631A0073AD7C /* MobileCoreServices.framework in Frameworks */,
				029DE75B1F19631A0073AD7C /* SafariServices.framework in Frameworks */,
				029DE75C1F19631A0073AD7C /* SystemConfiguration.framework in Frameworks */,
				02A9C6BD1EE76F15001287E9 /* CoreLocation.framework in Frameworks */,
				E8A5188744D0F4AEB982A2EA /* Pods_NewProduct.framework in Frameworks */,
			);
			runOnlyForDeploymentPostprocessing = 0;
		};
		0263520B1E7332F1008245C7 /* Frameworks */ = {
			isa = PBXFrameworksBuildPhase;
			buildActionMask = 2147483647;
			files = (
				0D87494CEB2EEE7B14B6645F /* Pods_NewProductTests.framework in Frameworks */,
			);
			runOnlyForDeploymentPostprocessing = 0;
		};
		026352161E7332F1008245C7 /* Frameworks */ = {
			isa = PBXFrameworksBuildPhase;
			buildActionMask = 2147483647;
			files = (
				E6FC06F0FE1397EE1B9C70E4 /* Pods_NewProductUITests.framework in Frameworks */,
			);
			runOnlyForDeploymentPostprocessing = 0;
		};
/* End PBXFrameworksBuildPhase section */

/* Begin PBXGroup section */
		0225B4D11E84BA1E006E7F34 /* Roboto_SlabFont */ = {
			isa = PBXGroup;
			children = (
				0225B4D21E84BA1E006E7F34 /* LICENSE.txt */,
				0225B4D31E84BA1E006E7F34 /* RobotoSlab-Bold.ttf */,
				0225B4D41E84BA1E006E7F34 /* RobotoSlab-Light.ttf */,
				0225B4D51E84BA1E006E7F34 /* RobotoSlab-Regular.ttf */,
				0225B4D61E84BA1E006E7F34 /* RobotoSlab-Thin.ttf */,
			);
			path = Roboto_SlabFont;
			sourceTree = "<group>";
		};
		025206291F202A88001937A1 /* Profile */ = {
			isa = PBXGroup;
			children = (
				026351FC1E7332F1008245C7 /* ViewController.swift */,
				025206271F202A7E001937A1 /* AddMemoryViewController.swift */,
			);
			name = Profile;
			sourceTree = "<group>";
		};
		026351EE1E7332F1008245C7 = {
			isa = PBXGroup;
			children = (
				0225B4D11E84BA1E006E7F34 /* Roboto_SlabFont */,
				026351F91E7332F1008245C7 /* NewProduct */,
				026352111E7332F1008245C7 /* NewProductTests */,
				0263521C1E7332F1008245C7 /* NewProductUITests */,
				026351F81E7332F1008245C7 /* Products */,
				585C547CD2C024F9D5555D27 /* Pods */,
				B954E3A314951230F0274C27 /* Frameworks */,
			);
			sourceTree = "<group>";
		};
		026351F81E7332F1008245C7 /* Products */ = {
			isa = PBXGroup;
			children = (
				026351F71E7332F1008245C7 /* NewProduct.app */,
				0263520E1E7332F1008245C7 /* NewProductTests.xctest */,
				026352191E7332F1008245C7 /* NewProductUITests.xctest */,
			);
			name = Products;
			sourceTree = "<group>";
		};
		026351F91E7332F1008245C7 /* NewProduct */ = {
			isa = PBXGroup;
			children = (
				029FE7EF1EF0BE7700998365 /* Menu  */,
				0291FEC21F01D50A0015FAF6 /* Messages */,
				027CAC951F0C728F00922D77 /* ArtistTable */,
				02C085451F06F4F7006DEBCD /* StarryStars */,
				025206291F202A88001937A1 /* Profile */,
				02F511951F05B16E002E36A6 /* Seguee.swift */,
				026351FA1E7332F1008245C7 /* AppDelegate.swift */,
				026351FE1E7332F1008245C7 /* Main.storyboard */,
				021215011F16F375000CDE1E /* PaymentViewController.swift */,
				02A3413E1EFCACD900429FC0 /* sentInquireViewController.swift */,
				029FE7ED1EF0BD7A00998365 /* HomeViewController.swift */,
				02F8348A1EEB4B2400F2FF55 /* TableInquireViewController.swift */,
				02484B561EEB2320006B9806 /* inquireViewController.swift */,
				02198D081EE201F8008176EE /* BookingViewController.swift */,
				0253D3F61EB4FE360003763C /* HomeViewCell.swift */,
				02855E171EC53E6D0072D9E5 /* ArtistViewController.swift */,
				0280D21B1E7378A40088BEA7 /* Login.swift */,
				026352041E7332F1008245C7 /* Assets.xcassets */,
				026352061E7332F1008245C7 /* LaunchScreen.storyboard */,
				026352091E7332F1008245C7 /* Info.plist */,
				027290DD1E733B46007A26E9 /* GoogleService-Info.plist */,
				026352011E7332F1008245C7 /* NewProduct.xcdatamodeld */,
				026F0C451E7F5F6900273DD2 /* lato */,
				029DE74B1F1961370073AD7C /* NewProduct-Bridging-Header.h */,
				029DE74E1F19619D0073AD7C /* ZZAppDelegat.h */,
			);
			path = NewProduct;
			sourceTree = "<group>";
		};
		026352111E7332F1008245C7 /* NewProductTests */ = {
			isa = PBXGroup;
			children = (
				026352121E7332F1008245C7 /* NewProductTests.swift */,
				026352141E7332F1008245C7 /* Info.plist */,
			);
			path = NewProductTests;
			sourceTree = "<group>";
		};
		0263521C1E7332F1008245C7 /* NewProductUITests */ = {
			isa = PBXGroup;
			children = (
				0263521D1E7332F1008245C7 /* NewProductUITests.swift */,
				0263521F1E7332F1008245C7 /* Info.plist */,
			);
			path = NewProductUITests;
			sourceTree = "<group>";
		};
		027CAC951F0C728F00922D77 /* ArtistTable */ = {
			isa = PBXGroup;
			children = (
				02D3290D1EBE61200051F22F /* aaViewController.swift */,
				027CAC931F0C728500922D77 /* FilterViewController.swift */,
			);
			name = ArtistTable;
			sourceTree = "<group>";
		};
		0291FEC21F01D50A0015FAF6 /* Messages */ = {
			isa = PBXGroup;
			children = (
				02E4F3BA1F03351A002713C8 /* TableMessViewController.swift */,
				02AB60CA1F003C7F00DD38FC /* MessViewController.swift */,
			);
			name = Messages;
			sourceTree = "<group>";
		};
		029FE7EF1EF0BE7700998365 /* Menu  */ = {
			isa = PBXGroup;
			children = (
				02DD88D21EFDE39F0093DD50 /* BaseViewController.swift */,
				029FE7EA1EF0BC8C00998365 /* MenuViewController.swift */,
			);
			name = "Menu ";
			sourceTree = "<group>";
		};
		02C085451F06F4F7006DEBCD /* StarryStars */ = {
			isa = PBXGroup;
			children = (
				02C085461F06F4F7006DEBCD /* Info.plist */,
				02C085471F06F4F7006DEBCD /* RatingView.swift */,
				02C085481F06F4F7006DEBCD /* Resource */,
				02C0854C1F06F4F7006DEBCD /* StarryStars.h */,
			);
			path = StarryStars;
			sourceTree = "<group>";
		};
		02C085481F06F4F7006DEBCD /* Resource */ = {
			isa = PBXGroup;
			children = (
				0231DA6F1F07033300A787F8 /* starryStars_half@2x.png */,
				0231DA701F07033300A787F8 /* starryStars_off@2x.png */,
				0231DA711F07033300A787F8 /* starryStars_on@2x.png */,
			);
			path = Resource;
			sourceTree = "<group>";
		};
		585C547CD2C024F9D5555D27 /* Pods */ = {
			isa = PBXGroup;
			children = (
				3AD784D4438D7839D97E0135 /* Pods-NewProduct.debug.xcconfig */,
				C22B7E196FCFB447B930B847 /* Pods-NewProduct.release.xcconfig */,
				61B46410CA896CABA5D4B046 /* Pods-NewProductTests.debug.xcconfig */,
				80498BFB5DA19CC8ACCC5FE8 /* Pods-NewProductTests.release.xcconfig */,
				BBA80A2DFF7B4B09BB6E5E11 /* Pods-NewProductUITests.debug.xcconfig */,
				7518F91C075A5CD2BBF707BF /* Pods-NewProductUITests.release.xcconfig */,
			);
			name = Pods;
			sourceTree = "<group>";
		};
		B954E3A314951230F0274C27 /* Frameworks */ = {
			isa = PBXGroup;
			children = (
				029DE74F1F19631A0073AD7C /* Accelerate.framework */,
				029DE7501F19631A0073AD7C /* AudioToolbox.framework */,
				029DE7511F19631A0073AD7C /* AVFoundation.framework */,
				029DE7521F19631A0073AD7C /* MessageUI.framework */,
				029DE7531F19631A0073AD7C /* MobileCoreServices.framework */,
				029DE7541F19631A0073AD7C /* SafariServices.framework */,
				029DE7551F19631A0073AD7C /* SystemConfiguration.framework */,
				02A9C6BC1EE76F15001287E9 /* CoreLocation.framework */,
				178CFB2F3823D9DD48263B4F /* Pods_NewProduct.framework */,
				FBDE84B653AD105B44574FC2 /* Pods_NewProductTests.framework */,
				526E89AD741C55EA68062F55 /* Pods_NewProductUITests.framework */,
			);
			name = Frameworks;
			sourceTree = "<group>";
		};
/* End PBXGroup section */

/* Begin PBXNativeTarget section */
		026351F61E7332F1008245C7 /* NewProduct */ = {
			isa = PBXNativeTarget;
			buildConfigurationList = 026352221E7332F1008245C7 /* Build configuration list for PBXNativeTarget "NewProduct" */;
			buildPhases = (
				C01E180FC41ABFFAF368610E /* [CP] Check Pods Manifest.lock */,
				026351F31E7332F1008245C7 /* Sources */,
				026351F41E7332F1008245C7 /* Frameworks */,
				026351F51E7332F1008245C7 /* Resources */,
				593D4C5FE17018C8BE42FB61 /* [CP] Embed Pods Frameworks */,
				0BD486C3BE72E6521E15C067 /* [CP] Copy Pods Resources */,
			);
			buildRules = (
			);
			dependencies = (
			);
			name = NewProduct;
			productName = NewProduct;
			productReference = 026351F71E7332F1008245C7 /* NewProduct.app */;
			productType = "com.apple.product-type.application";
		};
		0263520D1E7332F1008245C7 /* NewProductTests */ = {
			isa = PBXNativeTarget;
			buildConfigurationList = 026352251E7332F1008245C7 /* Build configuration list for PBXNativeTarget "NewProductTests" */;
			buildPhases = (
				D37A45AA3D0F415D05CC1A78 /* [CP] Check Pods Manifest.lock */,
				0263520A1E7332F1008245C7 /* Sources */,
				0263520B1E7332F1008245C7 /* Frameworks */,
				0263520C1E7332F1008245C7 /* Resources */,
				AC5A4CEC26D39BBD39C30739 /* [CP] Embed Pods Frameworks */,
				EAF7EB04B06AB97631E89B82 /* [CP] Copy Pods Resources */,
			);
			buildRules = (
			);
			dependencies = (
				026352101E7332F1008245C7 /* PBXTargetDependency */,
			);
			name = NewProductTests;
			productName = NewProductTests;
			productReference = 0263520E1E7332F1008245C7 /* NewProductTests.xctest */;
			productType = "com.apple.product-type.bundle.unit-test";
		};
		026352181E7332F1008245C7 /* NewProductUITests */ = {
			isa = PBXNativeTarget;
			buildConfigurationList = 026352281E7332F1008245C7 /* Build configuration list for PBXNativeTarget "NewProductUITests" */;
			buildPhases = (
				0D7096EB00884AE7E73331C9 /* [CP] Check Pods Manifest.lock */,
				026352151E7332F1008245C7 /* Sources */,
				026352161E7332F1008245C7 /* Frameworks */,
				026352171E7332F1008245C7 /* Resources */,
				6CF5CA1509203C11E2481375 /* [CP] Embed Pods Frameworks */,
				7CCCE16413947304A33D2121 /* [CP] Copy Pods Resources */,
			);
			buildRules = (
			);
			dependencies = (
				0263521B1E7332F1008245C7 /* PBXTargetDependency */,
			);
			name = NewProductUITests;
			productName = NewProductUITests;
			productReference = 026352191E7332F1008245C7 /* NewProductUITests.xctest */;
			productType = "com.apple.product-type.bundle.ui-testing";
		};
/* End PBXNativeTarget section */

/* Begin PBXProject section */
		026351EF1E7332F1008245C7 /* Project object */ = {
			isa = PBXProject;
			attributes = {
				LastSwiftUpdateCheck = 0820;
				LastUpgradeCheck = 0830;
				ORGANIZATIONNAME = "Greg MacEachern";
				TargetAttributes = {
					026351F61E7332F1008245C7 = {
						CreatedOnToolsVersion = 8.2.1;
						DevelopmentTeam = 86E9XB73P2;
						LastSwiftMigration = 0830;
						ProvisioningStyle = Automatic;
					};
					0263520D1E7332F1008245C7 = {
						CreatedOnToolsVersion = 8.2.1;
						DevelopmentTeam = 6WF38X5J43;
						LastSwiftMigration = 0830;
						ProvisioningStyle = Automatic;
						TestTargetID = 026351F61E7332F1008245C7;
					};
					026352181E7332F1008245C7 = {
						CreatedOnToolsVersion = 8.2.1;
						DevelopmentTeam = 6WF38X5J43;
						LastSwiftMigration = 0830;
						ProvisioningStyle = Automatic;
						TestTargetID = 026351F61E7332F1008245C7;
					};
				};
			};
			buildConfigurationList = 026351F21E7332F1008245C7 /* Build configuration list for PBXProject "NewProduct" */;
			compatibilityVersion = "Xcode 3.2";
			developmentRegion = English;
			hasScannedForEncodings = 0;
			knownRegions = (
				en,
				Base,
			);
			mainGroup = 026351EE1E7332F1008245C7;
			productRefGroup = 026351F81E7332F1008245C7 /* Products */;
			projectDirPath = "";
			projectRoot = "";
			targets = (
				026351F61E7332F1008245C7 /* NewProduct */,
				0263520D1E7332F1008245C7 /* NewProductTests */,
				026352181E7332F1008245C7 /* NewProductUITests */,
			);
		};
/* End PBXProject section */

/* Begin PBXResourcesBuildPhase section */
		026351F51E7332F1008245C7 /* Resources */ = {
			isa = PBXResourcesBuildPhase;
			buildActionMask = 2147483647;
			files = (
				0225B4D91E84BA71006E7F34 /* RobotoSlab-Regular.ttf in Resources */,
				0225B4DA1E84BA71006E7F34 /* RobotoSlab-Thin.ttf in Resources */,
				026F0C461E7F5F6900273DD2 /* lato in Resources */,
				0231DA731F07033300A787F8 /* starryStars_off@2x.png in Resources */,
				0231DA721F07033300A787F8 /* starryStars_half@2x.png in Resources */,
				0231DA741F07033300A787F8 /* starryStars_on@2x.png in Resources */,
				0225B4D81E84BA71006E7F34 /* RobotoSlab-Light.ttf in Resources */,
				026352081E7332F1008245C7 /* LaunchScreen.storyboard in Resources */,
				0225B4D71E84BA71006E7F34 /* RobotoSlab-Bold.ttf in Resources */,
				026352051E7332F1008245C7 /* Assets.xcassets in Resources */,
				027290DE1E733B46007A26E9 /* GoogleService-Info.plist in Resources */,
				02C0854D1F06F4F7006DEBCD /* Info.plist in Resources */,
				026352001E7332F1008245C7 /* Main.storyboard in Resources */,
			);
			runOnlyForDeploymentPostprocessing = 0;
		};
		0263520C1E7332F1008245C7 /* Resources */ = {
			isa = PBXResourcesBuildPhase;
			buildActionMask = 2147483647;
			files = (
			);
			runOnlyForDeploymentPostprocessing = 0;
		};
		026352171E7332F1008245C7 /* Resources */ = {
			isa = PBXResourcesBuildPhase;
			buildActionMask = 2147483647;
			files = (
			);
			runOnlyForDeploymentPostprocessing = 0;
		};
/* End PBXResourcesBuildPhase section */

/* Begin PBXShellScriptBuildPhase section */
		0BD486C3BE72E6521E15C067 /* [CP] Copy Pods Resources */ = {
			isa = PBXShellScriptBuildPhase;
			buildActionMask = 2147483647;
			files = (
			);
			inputPaths = (
			);
			name = "[CP] Copy Pods Resources";
			outputPaths = (
			);
			runOnlyForDeploymentPostprocessing = 0;
			shellPath = /bin/sh;
			shellScript = "\"${SRCROOT}/Pods/Target Support Files/Pods-NewProduct/Pods-NewProduct-resources.sh\"\n";
			showEnvVarsInLog = 0;
		};
		0D7096EB00884AE7E73331C9 /* [CP] Check Pods Manifest.lock */ = {
			isa = PBXShellScriptBuildPhase;
			buildActionMask = 2147483647;
			files = (
			);
			inputPaths = (
			);
			name = "[CP] Check Pods Manifest.lock";
			outputPaths = (
			);
			runOnlyForDeploymentPostprocessing = 0;
			shellPath = /bin/sh;
			shellScript = "diff \"${PODS_ROOT}/../Podfile.lock\" \"${PODS_ROOT}/Manifest.lock\" > /dev/null\nif [ $? != 0 ] ; then\n    # print error to STDERR\n    echo \"error: The sandbox is not in sync with the Podfile.lock. Run 'pod install' or update your CocoaPods installation.\" >&2\n    exit 1\nfi\n";
			showEnvVarsInLog = 0;
		};
		593D4C5FE17018C8BE42FB61 /* [CP] Embed Pods Frameworks */ = {
			isa = PBXShellScriptBuildPhase;
			buildActionMask = 2147483647;
			files = (
			);
			inputPaths = (
			);
			name = "[CP] Embed Pods Frameworks";
			outputPaths = (
			);
			runOnlyForDeploymentPostprocessing = 0;
			shellPath = /bin/sh;
			shellScript = "\"${SRCROOT}/Pods/Target Support Files/Pods-NewProduct/Pods-NewProduct-frameworks.sh\"\n";
			showEnvVarsInLog = 0;
		};
		6CF5CA1509203C11E2481375 /* [CP] Embed Pods Frameworks */ = {
			isa = PBXShellScriptBuildPhase;
			buildActionMask = 2147483647;
			files = (
			);
			inputPaths = (
			);
			name = "[CP] Embed Pods Frameworks";
			outputPaths = (
			);
			runOnlyForDeploymentPostprocessing = 0;
			shellPath = /bin/sh;
			shellScript = "\"${SRCROOT}/Pods/Target Support Files/Pods-NewProductUITests/Pods-NewProductUITests-frameworks.sh\"\n";
			showEnvVarsInLog = 0;
		};
		7CCCE16413947304A33D2121 /* [CP] Copy Pods Resources */ = {
			isa = PBXShellScriptBuildPhase;
			buildActionMask = 2147483647;
			files = (
			);
			inputPaths = (
			);
			name = "[CP] Copy Pods Resources";
			outputPaths = (
			);
			runOnlyForDeploymentPostprocessing = 0;
			shellPath = /bin/sh;
			shellScript = "\"${SRCROOT}/Pods/Target Support Files/Pods-NewProductUITests/Pods-NewProductUITests-resources.sh\"\n";
			showEnvVarsInLog = 0;
		};
		AC5A4CEC26D39BBD39C30739 /* [CP] Embed Pods Frameworks */ = {
			isa = PBXShellScriptBuildPhase;
			buildActionMask = 2147483647;
			files = (
			);
			inputPaths = (
			);
			name = "[CP] Embed Pods Frameworks";
			outputPaths = (
			);
			runOnlyForDeploymentPostprocessing = 0;
			shellPath = /bin/sh;
			shellScript = "\"${SRCROOT}/Pods/Target Support Files/Pods-NewProductTests/Pods-NewProductTests-frameworks.sh\"\n";
			showEnvVarsInLog = 0;
		};
		C01E180FC41ABFFAF368610E /* [CP] Check Pods Manifest.lock */ = {
			isa = PBXShellScriptBuildPhase;
			buildActionMask = 2147483647;
			files = (
			);
			inputPaths = (
			);
			name = "[CP] Check Pods Manifest.lock";
			outputPaths = (
			);
			runOnlyForDeploymentPostprocessing = 0;
			shellPath = /bin/sh;
			shellScript = "diff \"${PODS_ROOT}/../Podfile.lock\" \"${PODS_ROOT}/Manifest.lock\" > /dev/null\nif [ $? != 0 ] ; then\n    # print error to STDERR\n    echo \"error: The sandbox is not in sync with the Podfile.lock. Run 'pod install' or update your CocoaPods installation.\" >&2\n    exit 1\nfi\n";
			showEnvVarsInLog = 0;
		};
		D37A45AA3D0F415D05CC1A78 /* [CP] Check Pods Manifest.lock */ = {
			isa = PBXShellScriptBuildPhase;
			buildActionMask = 2147483647;
			files = (
			);
			inputPaths = (
			);
			name = "[CP] Check Pods Manifest.lock";
			outputPaths = (
			);
			runOnlyForDeploymentPostprocessing = 0;
			shellPath = /bin/sh;
			shellScript = "diff \"${PODS_ROOT}/../Podfile.lock\" \"${PODS_ROOT}/Manifest.lock\" > /dev/null\nif [ $? != 0 ] ; then\n    # print error to STDERR\n    echo \"error: The sandbox is not in sync with the Podfile.lock. Run 'pod install' or update your CocoaPods installation.\" >&2\n    exit 1\nfi\n";
			showEnvVarsInLog = 0;
		};
		EAF7EB04B06AB97631E89B82 /* [CP] Copy Pods Resources */ = {
			isa = PBXShellScriptBuildPhase;
			buildActionMask = 2147483647;
			files = (
			);
			inputPaths = (
			);
			name = "[CP] Copy Pods Resources";
			outputPaths = (
			);
			runOnlyForDeploymentPostprocessing = 0;
			shellPath = /bin/sh;
			shellScript = "\"${SRCROOT}/Pods/Target Support Files/Pods-NewProductTests/Pods-NewProductTests-resources.sh\"\n";
			showEnvVarsInLog = 0;
		};
/* End PBXShellScriptBuildPhase section */

/* Begin PBXSourcesBuildPhase section */
		026351F31E7332F1008245C7 /* Sources */ = {
			isa = PBXSourcesBuildPhase;
			buildActionMask = 2147483647;
			files = (
				027CAC941F0C728500922D77 /* FilterViewController.swift in Sources */,
				02484B571EEB2320006B9806 /* inquireViewController.swift in Sources */,
				02A3413F1EFCACD900429FC0 /* sentInquireViewController.swift in Sources */,
				02C0854E1F06F4F7006DEBCD /* RatingView.swift in Sources */,
				02E4F3BB1F03351A002713C8 /* TableMessViewController.swift in Sources */,
				026351FD1E7332F1008245C7 /* ViewController.swift in Sources */,
				025206281F202A7E001937A1 /* AddMemoryViewController.swift in Sources */,
				021215021F16F375000CDE1E /* PaymentViewController.swift in Sources */,
				02198D091EE201F8008176EE /* BookingViewController.swift in Sources */,
				02F511961F05B16E002E36A6 /* Seguee.swift in Sources */,
				02DD88D31EFDE39F0093DD50 /* BaseViewController.swift in Sources */,
				026352031E7332F1008245C7 /* NewProduct.xcdatamodeld in Sources */,
				02D3290E1EBE61200051F22F /* aaViewController.swift in Sources */,
				029FE7EE1EF0BD7A00998365 /* HomeViewController.swift in Sources */,
				02855E181EC53E6D0072D9E5 /* ArtistViewController.swift in Sources */,
				02AB60CB1F003C7F00DD38FC /* MessViewController.swift in Sources */,
				029FE7EC1EF0BC8C00998365 /* MenuViewController.swift in Sources */,
				026351FB1E7332F1008245C7 /* AppDelegate.swift in Sources */,
				0280D21C1E7378A40088BEA7 /* Login.swift in Sources */,
				02F8348B1EEB4B2400F2FF55 /* TableInquireViewController.swift in Sources */,
				0253D3F71EB4FE360003763C /* HomeViewCell.swift in Sources */,
			);
			runOnlyForDeploymentPostprocessing = 0;
		};
		0263520A1E7332F1008245C7 /* Sources */ = {
			isa = PBXSourcesBuildPhase;
			buildActionMask = 2147483647;
			files = (
				026352131E7332F1008245C7 /* NewProductTests.swift in Sources */,
			);
			runOnlyForDeploymentPostprocessing = 0;
		};
		026352151E7332F1008245C7 /* Sources */ = {
			isa = PBXSourcesBuildPhase;
			buildActionMask = 2147483647;
			files = (
				0263521E1E7332F1008245C7 /* NewProductUITests.swift in Sources */,
			);
			runOnlyForDeploymentPostprocessing = 0;
		};
/* End PBXSourcesBuildPhase section */

/* Begin PBXTargetDependency section */
		026352101E7332F1008245C7 /* PBXTargetDependency */ = {
			isa = PBXTargetDependency;
			target = 026351F61E7332F1008245C7 /* NewProduct */;
			targetProxy = 0263520F1E7332F1008245C7 /* PBXContainerItemProxy */;
		};
		0263521B1E7332F1008245C7 /* PBXTargetDependency */ = {
			isa = PBXTargetDependency;
			target = 026351F61E7332F1008245C7 /* NewProduct */;
			targetProxy = 0263521A1E7332F1008245C7 /* PBXContainerItemProxy */;
		};
/* End PBXTargetDependency section */

/* Begin PBXVariantGroup section */
		026351FE1E7332F1008245C7 /* Main.storyboard */ = {
			isa = PBXVariantGroup;
			children = (
				026351FF1E7332F1008245C7 /* Base */,
			);
			name = Main.storyboard;
			sourceTree = "<group>";
		};
		026352061E7332F1008245C7 /* LaunchScreen.storyboard */ = {
			isa = PBXVariantGroup;
			children = (
				026352071E7332F1008245C7 /* Base */,
			);
			name = LaunchScreen.storyboard;
			sourceTree = "<group>";
		};
/* End PBXVariantGroup section */

/* Begin XCBuildConfiguration section */
		026352201E7332F1008245C7 /* Debug */ = {
			isa = XCBuildConfiguration;
			buildSettings = {
				ALWAYS_SEARCH_USER_PATHS = NO;
				CLANG_ANALYZER_NONNULL = YES;
				CLANG_CXX_LANGUAGE_STANDARD = "gnu++0x";
				CLANG_CXX_LIBRARY = "libc++";
				CLANG_ENABLE_MODULES = YES;
				CLANG_ENABLE_OBJC_ARC = YES;
				CLANG_WARN_BOOL_CONVERSION = YES;
				CLANG_WARN_CONSTANT_CONVERSION = YES;
				CLANG_WARN_DIRECT_OBJC_ISA_USAGE = YES_ERROR;
				CLANG_WARN_DOCUMENTATION_COMMENTS = YES;
				CLANG_WARN_EMPTY_BODY = YES;
				CLANG_WARN_ENUM_CONVERSION = YES;
				CLANG_WARN_INFINITE_RECURSION = YES;
				CLANG_WARN_INT_CONVERSION = YES;
				CLANG_WARN_OBJC_ROOT_CLASS = YES_ERROR;
				CLANG_WARN_SUSPICIOUS_MOVE = YES;
				CLANG_WARN_UNREACHABLE_CODE = YES;
				CLANG_WARN__DUPLICATE_METHOD_MATCH = YES;
				"CODE_SIGN_IDENTITY[sdk=iphoneos*]" = "iPhone Developer";
				COPY_PHASE_STRIP = NO;
				DEBUG_INFORMATION_FORMAT = dwarf;
				ENABLE_STRICT_OBJC_MSGSEND = YES;
				ENABLE_TESTABILITY = YES;
				GCC_C_LANGUAGE_STANDARD = gnu99;
				GCC_DYNAMIC_NO_PIC = NO;
				GCC_NO_COMMON_BLOCKS = YES;
				GCC_OPTIMIZATION_LEVEL = 0;
				GCC_PREPROCESSOR_DEFINITIONS = (
					"DEBUG=1",
					"$(inherited)",
				);
				GCC_WARN_64_TO_32_BIT_CONVERSION = YES;
				GCC_WARN_ABOUT_RETURN_TYPE = YES_ERROR;
				GCC_WARN_UNDECLARED_SELECTOR = YES;
				GCC_WARN_UNINITIALIZED_AUTOS = YES_AGGRESSIVE;
				GCC_WARN_UNUSED_FUNCTION = YES;
				GCC_WARN_UNUSED_VARIABLE = YES;
				IPHONEOS_DEPLOYMENT_TARGET = 10.2;
				MTL_ENABLE_DEBUG_INFO = YES;
				ONLY_ACTIVE_ARCH = YES;
				SDKROOT = iphoneos;
				SWIFT_ACTIVE_COMPILATION_CONDITIONS = DEBUG;
				SWIFT_OPTIMIZATION_LEVEL = "-Onone";
				TARGETED_DEVICE_FAMILY = "1,2";
			};
			name = Debug;
		};
		026352211E7332F1008245C7 /* Release */ = {
			isa = XCBuildConfiguration;
			buildSettings = {
				ALWAYS_SEARCH_USER_PATHS = NO;
				CLANG_ANALYZER_NONNULL = YES;
				CLANG_CXX_LANGUAGE_STANDARD = "gnu++0x";
				CLANG_CXX_LIBRARY = "libc++";
				CLANG_ENABLE_MODULES = YES;
				CLANG_ENABLE_OBJC_ARC = YES;
				CLANG_WARN_BOOL_CONVERSION = YES;
				CLANG_WARN_CONSTANT_CONVERSION = YES;
				CLANG_WARN_DIRECT_OBJC_ISA_USAGE = YES_ERROR;
				CLANG_WARN_DOCUMENTATION_COMMENTS = YES;
				CLANG_WARN_EMPTY_BODY = YES;
				CLANG_WARN_ENUM_CONVERSION = YES;
				CLANG_WARN_INFINITE_RECURSION = YES;
				CLANG_WARN_INT_CONVERSION = YES;
				CLANG_WARN_OBJC_ROOT_CLASS = YES_ERROR;
				CLANG_WARN_SUSPICIOUS_MOVE = YES;
				CLANG_WARN_UNREACHABLE_CODE = YES;
				CLANG_WARN__DUPLICATE_METHOD_MATCH = YES;
				"CODE_SIGN_IDENTITY[sdk=iphoneos*]" = "iPhone Developer";
				COPY_PHASE_STRIP = NO;
				DEBUG_INFORMATION_FORMAT = "dwarf-with-dsym";
				ENABLE_NS_ASSERTIONS = NO;
				ENABLE_STRICT_OBJC_MSGSEND = YES;
				GCC_C_LANGUAGE_STANDARD = gnu99;
				GCC_NO_COMMON_BLOCKS = YES;
				GCC_WARN_64_TO_32_BIT_CONVERSION = YES;
				GCC_WARN_ABOUT_RETURN_TYPE = YES_ERROR;
				GCC_WARN_UNDECLARED_SELECTOR = YES;
				GCC_WARN_UNINITIALIZED_AUTOS = YES_AGGRESSIVE;
				GCC_WARN_UNUSED_FUNCTION = YES;
				GCC_WARN_UNUSED_VARIABLE = YES;
				IPHONEOS_DEPLOYMENT_TARGET = 10.2;
				MTL_ENABLE_DEBUG_INFO = NO;
				SDKROOT = iphoneos;
				SWIFT_OPTIMIZATION_LEVEL = "-Owholemodule";
				TARGETED_DEVICE_FAMILY = "1,2";
				VALIDATE_PRODUCT = YES;
			};
			name = Release;
		};
		026352231E7332F1008245C7 /* Debug */ = {
			isa = XCBuildConfiguration;
			baseConfigurationReference = 3AD784D4438D7839D97E0135 /* Pods-NewProduct.debug.xcconfig */;
			buildSettings = {
				ALWAYS_EMBED_SWIFT_STANDARD_LIBRARIES = YES;
				ASSETCATALOG_COMPILER_APPICON_NAME = AppIcon;
				CLANG_ENABLE_MODULES = YES;
				DEVELOPMENT_TEAM = 86E9XB73P2;
				INFOPLIST_FILE = NewProduct/Info.plist;
				LD_RUNPATH_SEARCH_PATHS = "$(inherited) @executable_path/Frameworks";
				PRODUCT_BUNDLE_IDENTIFIER = com.Mac.NewProduct22;
				PRODUCT_NAME = "$(TARGET_NAME)";
				SWIFT_OBJC_BRIDGING_HEADER = "NewProduct/NewProduct-Bridging-Header.h";
				SWIFT_OPTIMIZATION_LEVEL = "-Onone";
				SWIFT_VERSION = 3.0;
			};
			name = Debug;
		};
		026352241E7332F1008245C7 /* Release */ = {
			isa = XCBuildConfiguration;
			baseConfigurationReference = C22B7E196FCFB447B930B847 /* Pods-NewProduct.release.xcconfig */;
			buildSettings = {
				ALWAYS_EMBED_SWIFT_STANDARD_LIBRARIES = YES;
				ASSETCATALOG_COMPILER_APPICON_NAME = AppIcon;
				CLANG_ENABLE_MODULES = YES;
				DEVELOPMENT_TEAM = 86E9XB73P2;
				INFOPLIST_FILE = NewProduct/Info.plist;
				LD_RUNPATH_SEARCH_PATHS = "$(inherited) @executable_path/Frameworks";
				PRODUCT_BUNDLE_IDENTIFIER = com.Mac.NewProduct22;
				PRODUCT_NAME = "$(TARGET_NAME)";
				SWIFT_OBJC_BRIDGING_HEADER = "NewProduct/NewProduct-Bridging-Header.h";
				SWIFT_VERSION = 3.0;
			};
			name = Release;
		};
		026352261E7332F1008245C7 /* Debug */ = {
			isa = XCBuildConfiguration;
			baseConfigurationReference = 61B46410CA896CABA5D4B046 /* Pods-NewProductTests.debug.xcconfig */;
			buildSettings = {
				ALWAYS_EMBED_SWIFT_STANDARD_LIBRARIES = YES;
				BUNDLE_LOADER = "$(TEST_HOST)";
				DEVELOPMENT_TEAM = 6WF38X5J43;
				INFOPLIST_FILE = NewProductTests/Info.plist;
				LD_RUNPATH_SEARCH_PATHS = "$(inherited) @executable_path/Frameworks @loader_path/Frameworks";
				PRODUCT_BUNDLE_IDENTIFIER = com.Mac.NewProductTests;
				PRODUCT_NAME = "$(TARGET_NAME)";
				SWIFT_VERSION = 3.0;
				TEST_HOST = "$(BUILT_PRODUCTS_DIR)/NewProduct.app/NewProduct";
			};
			name = Debug;
		};
		026352271E7332F1008245C7 /* Release */ = {
			isa = XCBuildConfiguration;
			baseConfigurationReference = 80498BFB5DA19CC8ACCC5FE8 /* Pods-NewProductTests.release.xcconfig */;
			buildSettings = {
				ALWAYS_EMBED_SWIFT_STANDARD_LIBRARIES = YES;
				BUNDLE_LOADER = "$(TEST_HOST)";
				DEVELOPMENT_TEAM = 6WF38X5J43;
				INFOPLIST_FILE = NewProductTests/Info.plist;
				LD_RUNPATH_SEARCH_PATHS = "$(inherited) @executable_path/Frameworks @loader_path/Frameworks";
				PRODUCT_BUNDLE_IDENTIFIER = com.Mac.NewProductTests;
				PRODUCT_NAME = "$(TARGET_NAME)";
				SWIFT_VERSION = 3.0;
				TEST_HOST = "$(BUILT_PRODUCTS_DIR)/NewProduct.app/NewProduct";
			};
			name = Release;
		};
		026352291E7332F1008245C7 /* Debug */ = {
			isa = XCBuildConfiguration;
			baseConfigurationReference = BBA80A2DFF7B4B09BB6E5E11 /* Pods-NewProductUITests.debug.xcconfig */;
			buildSettings = {
				ALWAYS_EMBED_SWIFT_STANDARD_LIBRARIES = YES;
				DEVELOPMENT_TEAM = 6WF38X5J43;
				INFOPLIST_FILE = NewProductUITests/Info.plist;
				LD_RUNPATH_SEARCH_PATHS = "$(inherited) @executable_path/Frameworks @loader_path/Frameworks";
				PRODUCT_BUNDLE_IDENTIFIER = com.Mac.NewProductUITests;
				PRODUCT_NAME = "$(TARGET_NAME)";
				SWIFT_VERSION = 3.0;
				TEST_TARGET_NAME = NewProduct;
			};
			name = Debug;
		};
		0263522A1E7332F1008245C7 /* Release */ = {
			isa = XCBuildConfiguration;
			baseConfigurationReference = 7518F91C075A5CD2BBF707BF /* Pods-NewProductUITests.release.xcconfig */;
			buildSettings = {
				ALWAYS_EMBED_SWIFT_STANDARD_LIBRARIES = YES;
				DEVELOPMENT_TEAM = 6WF38X5J43;
				INFOPLIST_FILE = NewProductUITests/Info.plist;
				LD_RUNPATH_SEARCH_PATHS = "$(inherited) @executable_path/Frameworks @loader_path/Frameworks";
				PRODUCT_BUNDLE_IDENTIFIER = com.Mac.NewProductUITests;
				PRODUCT_NAME = "$(TARGET_NAME)";
				SWIFT_VERSION = 3.0;
				TEST_TARGET_NAME = NewProduct;
			};
			name = Release;
		};
/* End XCBuildConfiguration section */

/* Begin XCConfigurationList section */
		026351F21E7332F1008245C7 /* Build configuration list for PBXProject "NewProduct" */ = {
			isa = XCConfigurationList;
			buildConfigurations = (
				026352201E7332F1008245C7 /* Debug */,
				026352211E7332F1008245C7 /* Release */,
			);
			defaultConfigurationIsVisible = 0;
			defaultConfigurationName = Release;
		};
		026352221E7332F1008245C7 /* Build configuration list for PBXNativeTarget "NewProduct" */ = {
			isa = XCConfigurationList;
			buildConfigurations = (
				026352231E7332F1008245C7 /* Debug */,
				026352241E7332F1008245C7 /* Release */,
			);
			defaultConfigurationIsVisible = 0;
			defaultConfigurationName = Release;
		};
		026352251E7332F1008245C7 /* Build configuration list for PBXNativeTarget "NewProductTests" */ = {
			isa = XCConfigurationList;
			buildConfigurations = (
				026352261E7332F1008245C7 /* Debug */,
				026352271E7332F1008245C7 /* Release */,
			);
			defaultConfigurationIsVisible = 0;
			defaultConfigurationName = Release;
		};
		026352281E7332F1008245C7 /* Build configuration list for PBXNativeTarget "NewProductUITests" */ = {
			isa = XCConfigurationList;
			buildConfigurations = (
				026352291E7332F1008245C7 /* Debug */,
				0263522A1E7332F1008245C7 /* Release */,
			);
			defaultConfigurationIsVisible = 0;
			defaultConfigurationName = Release;
		};
/* End XCConfigurationList section */

/* Begin XCVersionGroup section */
		026352011E7332F1008245C7 /* NewProduct.xcdatamodeld */ = {
			isa = XCVersionGroup;
			children = (
				026352021E7332F1008245C7 /* NewProduct.xcdatamodel */,
			);
			currentVersion = 026352021E7332F1008245C7 /* NewProduct.xcdatamodel */;
			path = NewProduct.xcdatamodeld;
			sourceTree = "<group>";
			versionGroupType = wrapper.xcdatamodel;
		};
/* End XCVersionGroup section */
	};
	rootObject = 026351EF1E7332F1008245C7 /* Project object */;
}
